// !$*UTF8*$!
{
	archiveVersion = 1;
	classes = {
	};
	objectVersion = 46;
	objects = {

/* Begin PBXBuildFile section */
		ED232D891A43C9170008A6D2 /* main.m in Sources */ = {isa = PBXBuildFile; fileRef = ED232D881A43C9170008A6D2 /* main.m */; };
		ED232D8C1A43C9170008A6D2 /* AppDelegate.m in Sources */ = {isa = PBXBuildFile; fileRef = ED232D8B1A43C9170008A6D2 /* AppDelegate.m */; };
		ED232D8F1A43C9170008A6D2 /* ViewController.m in Sources */ = {isa = PBXBuildFile; fileRef = ED232D8E1A43C9170008A6D2 /* ViewController.m */; };
		ED232D921A43C9170008A6D2 /* Main.storyboard in Resources */ = {isa = PBXBuildFile; fileRef = ED232D901A43C9170008A6D2 /* Main.storyboard */; };
		ED232D941A43C9170008A6D2 /* Images.xcassets in Resources */ = {isa = PBXBuildFile; fileRef = ED232D931A43C9170008A6D2 /* Images.xcassets */; };
		ED232D971A43C9180008A6D2 /* LaunchScreen.xib in Resources */ = {isa = PBXBuildFile; fileRef = ED232D951A43C9180008A6D2 /* LaunchScreen.xib */; };
		ED232DA31A43C9180008A6D2 /* Flappy_BirdTests.m in Sources */ = {isa = PBXBuildFile; fileRef = ED232DA21A43C9180008A6D2 /* Flappy_BirdTests.m */; };
		ED232DBD1A43DCA70008A6D2 /* Game.m in Sources */ = {isa = PBXBuildFile; fileRef = ED232DBC1A43DCA70008A6D2 /* Game.m */; };
		ED232DC31A43E0310008A6D2 /* background.png in Resources */ = {isa = PBXBuildFile; fileRef = ED232DBE1A43E0310008A6D2 /* background.png */; };
		ED232DC41A43E0310008A6D2 /* bird_down.png in Resources */ = {isa = PBXBuildFile; fileRef = ED232DBF1A43E0310008A6D2 /* bird_down.png */; };
		ED232DC51A43E0310008A6D2 /* bird_up.png in Resources */ = {isa = PBXBuildFile; fileRef = ED232DC01A43E0310008A6D2 /* bird_up.png */; };
		ED232DC61A43E0310008A6D2 /* game_background.png in Resources */ = {isa = PBXBuildFile; fileRef = ED232DC11A43E0310008A6D2 /* game_background.png */; };
		ED232DC71A43E0310008A6D2 /* tunnel.png in Resources */ = {isa = PBXBuildFile; fileRef = ED232DC21A43E0310008A6D2 /* tunnel.png */; };
/* End PBXBuildFile section */

/* Begin PBXContainerItemProxy section */
		ED232D9D1A43C9180008A6D2 /* PBXContainerItemProxy */ = {
			isa = PBXContainerItemProxy;
			containerPortal = ED232D7B1A43C9170008A6D2 /* Project object */;
			proxyType = 1;
			remoteGlobalIDString = ED232D821A43C9170008A6D2;
			remoteInfo = "Flappy Bird";
		};
/* End PBXContainerItemProxy section */

/* Begin PBXFileReference section */
		ED232D831A43C9170008A6D2 /* Flappy Bird.app */ = {isa = PBXFileReference; explicitFileType = wrapper.application; includeInIndex = 0; path = "Flappy Bird.app"; sourceTree = BUILT_PRODUCTS_DIR; };
		ED232D871A43C9170008A6D2 /* Info.plist */ = {isa = PBXFileReference; lastKnownFileType = text.plist.xml; path = Info.plist; sourceTree = "<group>"; };
		ED232D881A43C9170008A6D2 /* main.m */ = {isa = PBXFileReference; lastKnownFileType = sourcecode.c.objc; path = main.m; sourceTree = "<group>"; };
		ED232D8A1A43C9170008A6D2 /* AppDelegate.h */ = {isa = PBXFileReference; lastKnownFileType = sourcecode.c.h; path = AppDelegate.h; sourceTree = "<group>"; };
		ED232D8B1A43C9170008A6D2 /* AppDelegate.m */ = {isa = PBXFileReference; lastKnownFileType = sourcecode.c.objc; path = AppDelegate.m; sourceTree = "<group>"; };
		ED232D8D1A43C9170008A6D2 /* ViewController.h */ = {isa = PBXFileReference; lastKnownFileType = sourcecode.c.h; path = ViewController.h; sourceTree = "<group>"; };
		ED232D8E1A43C9170008A6D2 /* ViewController.m */ = {isa = PBXFileReference; lastKnownFileType = sourcecode.c.objc; path = ViewController.m; sourceTree = "<group>"; };
		ED232D911A43C9170008A6D2 /* Base */ = {isa = PBXFileReference; lastKnownFileType = file.storyboard; name = Base; path = Base.lproj/Main.storyboard; sourceTree = "<group>"; };
		ED232D931A43C9170008A6D2 /* Images.xcassets */ = {isa = PBXFileReference; lastKnownFileType = folder.assetcatalog; path = Images.xcassets; sourceTree = "<group>"; };
		ED232D961A43C9180008A6D2 /* Base */ = {isa = PBXFileReference; lastKnownFileType = file.xib; name = Base; path = Base.lproj/LaunchScreen.xib; sourceTree = "<group>"; };
		ED232D9C1A43C9180008A6D2 /* Flappy BirdTests.xctest */ = {isa = PBXFileReference; explicitFileType = wrapper.cfbundle; includeInIndex = 0; path = "Flappy BirdTests.xctest"; sourceTree = BUILT_PRODUCTS_DIR; };
		ED232DA11A43C9180008A6D2 /* Info.plist */ = {isa = PBXFileReference; lastKnownFileType = text.plist.xml; path = Info.plist; sourceTree = "<group>"; };
		ED232DA21A43C9180008A6D2 /* Flappy_BirdTests.m */ = {isa = PBXFileReference; lastKnownFileType = sourcecode.c.objc; path = Flappy_BirdTests.m; sourceTree = "<group>"; };
		ED232DBB1A43DCA70008A6D2 /* Game.h */ = {isa = PBXFileReference; fileEncoding = 4; lastKnownFileType = sourcecode.c.h; name = Game.h; path = ../Game.h; sourceTree = "<group>"; };
		ED232DBC1A43DCA70008A6D2 /* Game.m */ = {isa = PBXFileReference; fileEncoding = 4; lastKnownFileType = sourcecode.c.objc; name = Game.m; path = ../Game.m; sourceTree = "<group>"; };
		ED232DBE1A43E0310008A6D2 /* background.png */ = {isa = PBXFileReference; lastKnownFileType = image.png; path = background.png; sourceTree = "<group>"; };
		ED232DBF1A43E0310008A6D2 /* bird_down.png */ = {isa = PBXFileReference; lastKnownFileType = image.png; path = bird_down.png; sourceTree = "<group>"; };
		ED232DC01A43E0310008A6D2 /* bird_up.png */ = {isa = PBXFileReference; lastKnownFileType = image.png; path = bird_up.png; sourceTree = "<group>"; };
		ED232DC11A43E0310008A6D2 /* game_background.png */ = {isa = PBXFileReference; lastKnownFileType = image.png; path = game_background.png; sourceTree = "<group>"; };
		ED232DC21A43E0310008A6D2 /* tunnel.png */ = {isa = PBXFileReference; lastKnownFileType = image.png; path = tunnel.png; sourceTree = "<group>"; };
/* End PBXFileReference section */

/* Begin PBXFrameworksBuildPhase section */
		ED232D801A43C9170008A6D2 /* Frameworks */ = {
			isa = PBXFrameworksBuildPhase;
			buildActionMask = 2147483647;
			files = (
			);
			runOnlyForDeploymentPostprocessing = 0;
		};
		ED232D991A43C9180008A6D2 /* Frameworks */ = {
			isa = PBXFrameworksBuildPhase;
			buildActionMask = 2147483647;
			files = (
			);
			runOnlyForDeploymentPostprocessing = 0;
		};
/* End PBXFrameworksBuildPhase section */

/* Begin PBXGroup section */
		ED232D7A1A43C9170008A6D2 = {
			isa = PBXGroup;
			children = (
				ED232D851A43C9170008A6D2 /* Flappy Bird */,
				ED232D9F1A43C9180008A6D2 /* Flappy BirdTests */,
				ED232D841A43C9170008A6D2 /* Products */,
			);
			sourceTree = "<group>";
		};
		ED232D841A43C9170008A6D2 /* Products */ = {
			isa = PBXGroup;
			children = (
				ED232D831A43C9170008A6D2 /* Flappy Bird.app */,
				ED232D9C1A43C9180008A6D2 /* Flappy BirdTests.xctest */,
			);
			name = Products;
			sourceTree = "<group>";
		};
		ED232D851A43C9170008A6D2 /* Flappy Bird */ = {
			isa = PBXGroup;
			children = (
				ED232D8A1A43C9170008A6D2 /* AppDelegate.h */,
				ED232D8B1A43C9170008A6D2 /* AppDelegate.m */,
				ED232D8D1A43C9170008A6D2 /* ViewController.h */,
				ED232D8E1A43C9170008A6D2 /* ViewController.m */,
				ED232DBB1A43DCA70008A6D2 /* Game.h */,
				ED232DBC1A43DCA70008A6D2 /* Game.m */,
				ED232D901A43C9170008A6D2 /* Main.storyboard */,
				ED232D931A43C9170008A6D2 /* Images.xcassets */,
				ED232D951A43C9180008A6D2 /* LaunchScreen.xib */,
				ED232D861A43C9170008A6D2 /* Supporting Files */,
			);
			path = "Flappy Bird";
			sourceTree = "<group>";
		};
		ED232D861A43C9170008A6D2 /* Supporting Files */ = {
			isa = PBXGroup;
			children = (
				ED232DBE1A43E0310008A6D2 /* background.png */,
				ED232DBF1A43E0310008A6D2 /* bird_down.png */,
				ED232DC01A43E0310008A6D2 /* bird_up.png */,
				ED232DC11A43E0310008A6D2 /* game_background.png */,
				ED232DC21A43E0310008A6D2 /* tunnel.png */,
				ED232D871A43C9170008A6D2 /* Info.plist */,
				ED232D881A43C9170008A6D2 /* main.m */,
			);
			name = "Supporting Files";
			sourceTree = "<group>";
		};
		ED232D9F1A43C9180008A6D2 /* Flappy BirdTests */ = {
			isa = PBXGroup;
			children = (
				ED232DA21A43C9180008A6D2 /* Flappy_BirdTests.m */,
				ED232DA01A43C9180008A6D2 /* Supporting Files */,
			);
			path = "Flappy BirdTests";
			sourceTree = "<group>";
		};
		ED232DA01A43C9180008A6D2 /* Supporting Files */ = {
			isa = PBXGroup;
			children = (
				ED232DA11A43C9180008A6D2 /* Info.plist */,
			);
			name = "Supporting Files";
			sourceTree = "<group>";
		};
/* End PBXGroup section */

/* Begin PBXNativeTarget section */
		ED232D821A43C9170008A6D2 /* Flappy Bird */ = {
			isa = PBXNativeTarget;
			buildConfigurationList = ED232DA61A43C9180008A6D2 /* Build configuration list for PBXNativeTarget "Flappy Bird" */;
			buildPhases = (
				ED232D7F1A43C9170008A6D2 /* Sources */,
				ED232D801A43C9170008A6D2 /* Frameworks */,
				ED232D811A43C9170008A6D2 /* Resources */,
			);
			buildRules = (
			);
			dependencies = (
			);
			name = "Flappy Bird";
			productName = "Flappy Bird";
			productReference = ED232D831A43C9170008A6D2 /* Flappy Bird.app */;
			productType = "com.apple.product-type.application";
		};
		ED232D9B1A43C9180008A6D2 /* Flappy BirdTests */ = {
			isa = PBXNativeTarget;
			buildConfigurationList = ED232DA91A43C9180008A6D2 /* Build configuration list for PBXNativeTarget "Flappy BirdTests" */;
			buildPhases = (
				ED232D981A43C9180008A6D2 /* Sources */,
				ED232D991A43C9180008A6D2 /* Frameworks */,
				ED232D9A1A43C9180008A6D2 /* Resources */,
			);
			buildRules = (
			);
			dependencies = (
				ED232D9E1A43C9180008A6D2 /* PBXTargetDependency */,
			);
			name = "Flappy BirdTests";
			productName = "Flappy BirdTests";
			productReference = ED232D9C1A43C9180008A6D2 /* Flappy BirdTests.xctest */;
			productType = "com.apple.product-type.bundle.unit-test";
		};
/* End PBXNativeTarget section */

/* Begin PBXProject section */
		ED232D7B1A43C9170008A6D2 /* Project object */ = {
			isa = PBXProject;
			attributes = {
				LastUpgradeCheck = 0610;
				ORGANIZATIONNAME = "Jackie Loven";
				TargetAttributes = {
					ED232D821A43C9170008A6D2 = {
						CreatedOnToolsVersion = 6.1.1;
					};
					ED232D9B1A43C9180008A6D2 = {
						CreatedOnToolsVersion = 6.1.1;
						TestTargetID = ED232D821A43C9170008A6D2;
					};
				};
			};
			buildConfigurationList = ED232D7E1A43C9170008A6D2 /* Build configuration list for PBXProject "Flappy Bird" */;
			compatibilityVersion = "Xcode 3.2";
			developmentRegion = English;
			hasScannedForEncodings = 0;
			knownRegions = (
				en,
				Base,
			);
			mainGroup = ED232D7A1A43C9170008A6D2;
			productRefGroup = ED232D841A43C9170008A6D2 /* Products */;
			projectDirPath = "";
			projectRoot = "";
			targets = (
				ED232D821A43C9170008A6D2 /* Flappy Bird */,
				ED232D9B1A43C9180008A6D2 /* Flappy BirdTests */,
			);
		};
/* End PBXProject section */

/* Begin PBXResourcesBuildPhase section */
		ED232D811A43C9170008A6D2 /* Resources */ = {
			isa = PBXResourcesBuildPhase;
			buildActionMask = 2147483647;
			files = (
				ED232DC41A43E0310008A6D2 /* bird_down.png in Resources */,
				ED232D921A43C9170008A6D2 /* Main.storyboard in Resources */,
				ED232DC31A43E0310008A6D2 /* background.png in Resources */,
				ED232DC71A43E0310008A6D2 /* tunnel.png in Resources */,
				ED232DC51A43E0310008A6D2 /* bird_up.png in Resources */,
				ED232D971A43C9180008A6D2 /* LaunchScreen.xib in Resources */,
				ED232D941A43C9170008A6D2 /* Images.xcassets in Resources */,
				ED232DC61A43E0310008A6D2 /* game_background.png in Resources */,
			);
			runOnlyForDeploymentPostprocessing = 0;
		};
		ED232D9A1A43C9180008A6D2 /* Resources */ = {
			isa = PBXResourcesBuildPhase;
			buildActionMask = 2147483647;
			files = (
			);
			runOnlyForDeploymentPostprocessing = 0;
		};
/* End PBXResourcesBuildPhase section */

/* Begin PBXSourcesBuildPhase section */
		ED232D7F1A43C9170008A6D2 /* Sources */ = {
			isa = PBXSourcesBuildPhase;
			buildActionMask = 2147483647;
			files = (
				ED232D8F1A43C9170008A6D2 /* ViewController.m in Sources */,
				ED232D8C1A43C9170008A6D2 /* AppDelegate.m in Sources */,
				ED232D891A43C9170008A6D2 /* main.m in Sources */,
				ED232DBD1A43DCA70008A6D2 /* Game.m in Sources */,
			);
			runOnlyForDeploymentPostprocessing = 0;
		};
		ED232D981A43C9180008A6D2 /* Sources */ = {
			isa = PBXSourcesBuildPhase;
			buildActionMask = 2147483647;
			files = (
				ED232DA31A43C9180008A6D2 /* Flappy_BirdTests.m in Sources */,
			);
			runOnlyForDeploymentPostprocessing = 0;
		};
/* End PBXSourcesBuildPhase section */

/* Begin PBXTargetDependency section */
		ED232D9E1A43C9180008A6D2 /* PBXTargetDependency */ = {
			isa = PBXTargetDependency;
			target = ED232D821A43C9170008A6D2 /* Flappy Bird */;
			targetProxy = ED232D9D1A43C9180008A6D2 /* PBXContainerItemProxy */;
		};
/* End PBXTargetDependency section */

/* Begin PBXVariantGroup section */
		ED232D901A43C9170008A6D2 /* Main.storyboard */ = {
			isa = PBXVariantGroup;
			children = (
				ED232D911A43C9170008A6D2 /* Base */,
			);
			name = Main.storyboard;
			sourceTree = "<group>";
		};
		ED232D951A43C9180008A6D2 /* LaunchScreen.xib */ = {
			isa = PBXVariantGroup;
			children = (
				ED232D961A43C9180008A6D2 /* Base */,
			);
			name = LaunchScreen.xib;
			sourceTree = "<group>";
		};
/* End PBXVariantGroup section */

/* Begin XCBuildConfiguration section */
		ED232DA41A43C9180008A6D2 /* Debug */ = {
			isa = XCBuildConfiguration;
			buildSettings = {
				ALWAYS_SEARCH_USER_PATHS = NO;
				CLANG_CXX_LANGUAGE_STANDARD = "gnu++0x";
				CLANG_CXX_LIBRARY = "libc++";
				CLANG_ENABLE_MODULES = YES;
				CLANG_ENABLE_OBJC_ARC = YES;
				CLANG_WARN_BOOL_CONVERSION = YES;
				CLANG_WARN_CONSTANT_CONVERSION = YES;
				CLANG_WARN_DIRECT_OBJC_ISA_USAGE = YES_ERROR;
				CLANG_WARN_EMPTY_BODY = YES;
				CLANG_WARN_ENUM_CONVERSION = YES;
				CLANG_WARN_INT_CONVERSION = YES;
				CLANG_WARN_OBJC_ROOT_CLASS = YES_ERROR;
				CLANG_WARN_UNREACHABLE_CODE = YES;
				CLANG_WARN__DUPLICATE_METHOD_MATCH = YES;
				"CODE_SIGN_IDENTITY[sdk=iphoneos*]" = "iPhone Developer";
				COPY_PHASE_STRIP = NO;
				ENABLE_STRICT_OBJC_MSGSEND = YES;
				GCC_C_LANGUAGE_STANDARD = gnu99;
				GCC_DYNAMIC_NO_PIC = NO;
				GCC_OPTIMIZATION_LEVEL = 0;
				GCC_PREPROCESSOR_DEFINITIONS = (
					"DEBUG=1",
					"$(inherited)",
				);
				GCC_SYMBOLS_PRIVATE_EXTERN = NO;
				GCC_WARN_64_TO_32_BIT_CONVERSION = YES;
				GCC_WARN_ABOUT_RETURN_TYPE = YES_ERROR;
				GCC_WARN_UNDECLARED_SELECTOR = YES;
				GCC_WARN_UNINITIALIZED_AUTOS = YES_AGGRESSIVE;
				GCC_WARN_UNUSED_FUNCTION = YES;
				GCC_WARN_UNUSED_VARIABLE = YES;
				IPHONEOS_DEPLOYMENT_TARGET = 8.1;
				MTL_ENABLE_DEBUG_INFO = YES;
				ONLY_ACTIVE_ARCH = YES;
				SDKROOT = iphoneos;
			};
			name = Debug;
		};
		ED232DA51A43C9180008A6D2 /* Release */ = {
			isa = XCBuildConfiguration;
			buildSettings = {
				ALWAYS_SEARCH_USER_PATHS = NO;
				CLANG_CXX_LANGUAGE_STANDARD = "gnu++0x";
				CLANG_CXX_LIBRARY = "libc++";
				CLANG_ENABLE_MODULES = YES;
				CLANG_ENABLE_OBJC_ARC = YES;
				CLANG_WARN_BOOL_CONVERSION = YES;
				CLANG_WARN_CONSTANT_CONVERSION = YES;
				CLANG_WARN_DIRECT_OBJC_ISA_USAGE = YES_ERROR;
				CLANG_WARN_EMPTY_BODY = YES;
				CLANG_WARN_ENUM_CONVERSION = YES;
				CLANG_WARN_INT_CONVERSION = YES;
				CLANG_WARN_OBJC_ROOT_CLASS = YES_ERROR;
				CLANG_WARN_UNREACHABLE_CODE = YES;
				CLANG_WARN__DUPLICATE_METHOD_MATCH = YES;
				"CODE_SIGN_IDENTITY[sdk=iphoneos*]" = "iPhone Developer";
				COPY_PHASE_STRIP = YES;
				ENABLE_NS_ASSERTIONS = NO;
				ENABLE_STRICT_OBJC_MSGSEND = YES;
				GCC_C_LANGUAGE_STANDARD = gnu99;
				GCC_WARN_64_TO_32_BIT_CONVERSION = YES;
				GCC_WARN_ABOUT_RETURN_TYPE = YES_ERROR;
				GCC_WARN_UNDECLARED_SELECTOR = YES;
				GCC_WARN_UNINITIALIZED_AUTOS = YES_AGGRESSIVE;
				GCC_WARN_UNUSED_FUNCTION = YES;
				GCC_WARN_UNUSED_VARIABLE = YES;
				IPHONEOS_DEPLOYMENT_TARGET = 8.1;
				MTL_ENABLE_DEBUG_INFO = NO;
				SDKROOT = iphoneos;
				VALIDATE_PRODUCT = YES;
			};
			name = Release;
		};
		ED232DA71A43C9180008A6D2 /* Debug */ = {
			isa = XCBuildConfiguration;
			buildSettings = {
				ASSETCATALOG_COMPILER_APPICON_NAME = AppIcon;
				INFOPLIST_FILE = "Flappy Bird/Info.plist";
				LD_RUNPATH_SEARCH_PATHS = "$(inherited) @executable_path/Frameworks";
				PRODUCT_NAME = "$(TARGET_NAME)";
				TARGETED_DEVICE_FAMILY = 1;
			};
			name = Debug;
		};
		ED232DA81A43C9180008A6D2 /* Release */ = {
			isa = XCBuildConfiguration;
			buildSettings = {
				ASSETCATALOG_COMPILER_APPICON_NAME = AppIcon;
				INFOPLIST_FILE = "Flappy Bird/Info.plist";
				LD_RUNPATH_SEARCH_PATHS = "$(inherited) @executable_path/Frameworks";
				PRODUCT_NAME = "$(TARGET_NAME)";
				TARGETED_DEVICE_FAMILY = 1;
			};
			name = Release;
		};
		ED232DAA1A43C9180008A6D2 /* Debug */ = {
			isa = XCBuildConfiguration;
			buildSettings = {
				BUNDLE_LOADER = "$(TEST_HOST)";
				FRAMEWORK_SEARCH_PATHS = (
					"$(SDKROOT)/Developer/Library/Frameworks",
					"$(inherited)",
				);
				GCC_PREPROCESSOR_DEFINITIONS = (
					"DEBUG=1",
					"$(inherited)",
				);
				INFOPLIST_FILE = "Flappy BirdTests/Info.plist";
				LD_RUNPATH_SEARCH_PATHS = "$(inherited) @executable_path/Frameworks @loader_path/Frameworks";
				PRODUCT_NAME = "$(TARGET_NAME)";
				TEST_HOST = "$(BUILT_PRODUCTS_DIR)/Flappy Bird.app/Flappy Bird";
			};
			name = Debug;
		};
		ED232DAB1A43C9180008A6D2 /* Release */ = {
			isa = XCBuildConfiguration;
			buildSettings = {
				BUNDLE_LOADER = "$(TEST_HOST)";
				FRAMEWORK_SEARCH_PATHS = (
					"$(SDKROOT)/Developer/Library/Frameworks",
					"$(inherited)",
				);
				INFOPLIST_FILE = "Flappy BirdTests/Info.plist";
				LD_RUNPATH_SEARCH_PATHS = "$(inherited) @executable_path/Frameworks @loader_path/Frameworks";
				PRODUCT_NAME = "$(TARGET_NAME)";
				TEST_HOST = "$(BUILT_PRODUCTS_DIR)/Flappy Bird.app/Flappy Bird";
			};
			name = Release;
		};
/* End XCBuildConfiguration section */

/* Begin XCConfigurationList section */
		ED232D7E1A43C9170008A6D2 /* Build configuration list for PBXProject "Flappy Bird" */ = {
			isa = XCConfigurationList;
			buildConfigurations = (
				ED232DA41A43C9180008A6D2 /* Debug */,
				ED232DA51A43C9180008A6D2 /* Release */,
			);
			defaultConfigurationIsVisible = 0;
			defaultConfigurationName = Release;
		};
		ED232DA61A43C9180008A6D2 /* Build configuration list for PBXNativeTarget "Flappy Bird" */ = {
			isa = XCConfigurationList;
			buildConfigurations = (
				ED232DA71A43C9180008A6D2 /* Debug */,
				ED232DA81A43C9180008A6D2 /* Release */,
			);
			defaultConfigurationIsVisible = 0;
		};
		ED232DA91A43C9180008A6D2 /* Build configuration list for PBXNativeTarget "Flappy BirdTests" */ = {
			isa = XCConfigurationList;
			buildConfigurations = (
				ED232DAA1A43C9180008A6D2 /* Debug */,
				ED232DAB1A43C9180008A6D2 /* Release */,
			);
			defaultConfigurationIsVisible = 0;
		};
/* End XCConfigurationList section */
	};
	rootObject = ED232D7B1A43C9170008A6D2 /* Project object */;
}
